
Microsoft Visual Studio Solution File, Format Version 12.00
# Visual Studio Version 16
VisualStudioVersion = 16.0.29926.136
MinimumVisualStudioVersion = 10.0.40219.1
Project("{FAE04EC0-301F-11D3-BF4B-00C04F79EFBC}") = "MatthewMcGirl_S00144119", "MatthewMcGirl_S00144119\MatthewMcGirl_S00144119.csproj", "{B2A314D7-E989-49DA-A7B4-DC7839330632}"
EndProject
Project("{FAE04EC0-301F-11D3-BF4B-00C04F79EFBC}") = "DecreasePriceTest", "DecreasePriceTest\DecreasePriceTest.csproj", "{A5A24271-3B8F-42DD-93B6-70EA1220DAB8}"
EndProject
Global
	GlobalSection(SolutionConfigurationPlatforms) = preSolution
		Debug|Any CPU = Debug|Any CPU
		Release|Any CPU = Release|Any CPU
	EndGlobalSection
	GlobalSection(ProjectConfigurationPlatforms) = postSolution
		{B2A314D7-E989-49DA-A7B4-DC7839330632}.Debug|Any CPU.ActiveCfg = Debug|Any CPU
		{B2A314D7-E989-49DA-A7B4-DC7839330632}.Debug|Any CPU.Build.0 = Debug|Any CPU
		{B2A314D7-E989-49DA-A7B4-DC7839330632}.Release|Any CPU.ActiveCfg = Release|Any CPU
		{B2A314D7-E989-49DA-A7B4-DC7839330632}.Release|Any CPU.Build.0 = Release|Any CPU
		{A5A24271-3B8F-42DD-93B6-70EA1220DAB8}.Debug|Any CPU.ActiveCfg = Debug|Any CPU
		{A5A24271-3B8F-42DD-93B6-70EA1220DAB8}.Debug|Any CPU.Build.0 = Debug|Any CPU
		{A5A24271-3B8F-42DD-93B6-70EA1220DAB8}.Release|Any CPU.ActiveCfg = Release|Any CPU
		{A5A24271-3B8F-42DD-93B6-70EA1220DAB8}.Release|Any CPU.Build.0 = Release|Any CPU
	EndGlobalSection
	GlobalSection(SolutionProperties) = preSolution
		HideSolutionNode = FALSE
	EndGlobalSection
	GlobalSection(ExtensibilityGlobals) = postSolution
		SolutionGuid = {8311B53A-BF5A-4CA4-BBD3-1808B36895A3}
	EndGlobalSection
EndGlobal
